
Microsoft Visual Studio Solution File, Format Version 12.00
# Visual Studio Version 17
VisualStudioVersion = 17.14.36511.14 d17.14
MinimumVisualStudioVersion = 10.0.40219.1
Project("{FAE04EC0-301F-11D3-BF4B-00C04F79EFBC}") = "spr421_spotify_clone", "spr421_spotify_clone\spr421_spotify_clone.csproj", "{1D34B181-DC67-4259-9AEF-DEDF36E4F3EF}"
EndProject
Project("{FAE04EC0-301F-11D3-BF4B-00C04F79EFBC}") = "spr421_spotify_clone.BLL", "spr421_spotify_clone.BLL\spr421_spotify_clone.BLL.csproj", "{AA01D950-B5A0-4EED-85D9-E69D4DFA90F0}"
EndProject
Project("{FAE04EC0-301F-11D3-BF4B-00C04F79EFBC}") = "spr421_spotify_clone.DAL", "spr421_spotify_clone.DAL\spr421_spotify_clone.DAL.csproj", "{BFC5BAF2-421C-456E-AFC4-2344417751B6}"
EndProject
Global
	GlobalSection(SolutionConfigurationPlatforms) = preSolution
		Debug|Any CPU = Debug|Any CPU
		Release|Any CPU = Release|Any CPU
	EndGlobalSection
	GlobalSection(ProjectConfigurationPlatforms) = postSolution
		{1D34B181-DC67-4259-9AEF-DEDF36E4F3EF}.Debug|Any CPU.ActiveCfg = Debug|Any CPU
		{1D34B181-DC67-4259-9AEF-DEDF36E4F3EF}.Debug|Any CPU.Build.0 = Debug|Any CPU
		{1D34B181-DC67-4259-9AEF-DEDF36E4F3EF}.Release|Any CPU.ActiveCfg = Release|Any CPU
		{1D34B181-DC67-4259-9AEF-DEDF36E4F3EF}.Release|Any CPU.Build.0 = Release|Any CPU
		{AA01D950-B5A0-4EED-85D9-E69D4DFA90F0}.Debug|Any CPU.ActiveCfg = Debug|Any CPU
		{AA01D950-B5A0-4EED-85D9-E69D4DFA90F0}.Debug|Any CPU.Build.0 = Debug|Any CPU
		{AA01D950-B5A0-4EED-85D9-E69D4DFA90F0}.Release|Any CPU.ActiveCfg = Release|Any CPU
		{AA01D950-B5A0-4EED-85D9-E69D4DFA90F0}.Release|Any CPU.Build.0 = Release|Any CPU
		{BFC5BAF2-421C-456E-AFC4-2344417751B6}.Debug|Any CPU.ActiveCfg = Debug|Any CPU
		{BFC5BAF2-421C-456E-AFC4-2344417751B6}.Debug|Any CPU.Build.0 = Debug|Any CPU
		{BFC5BAF2-421C-456E-AFC4-2344417751B6}.Release|Any CPU.ActiveCfg = Release|Any CPU
		{BFC5BAF2-421C-456E-AFC4-2344417751B6}.Release|Any CPU.Build.0 = Release|Any CPU
	EndGlobalSection
	GlobalSection(SolutionProperties) = preSolution
		HideSolutionNode = FALSE
	EndGlobalSection
	GlobalSection(ExtensibilityGlobals) = postSolution
		SolutionGuid = {23289FEC-56D1-4864-8650-6B9202ADDA92}
	EndGlobalSection
EndGlobal
